# THIS IS AN AUTOGENERATED FILE. DO NOT EDIT THIS FILE DIRECTLY.
# yarn lockfile v1


"@types/estree@0.0.39":
  version "0.0.39"
  resolved "https://registry.yarnpkg.com/@types/estree/-/estree-0.0.39.tgz#e177e699ee1b8c22d23174caaa7422644389509f"

"@types/node@*":
  version "10.9.2"
  resolved "https://registry.yarnpkg.com/@types/node/-/node-10.9.2.tgz#f0ab8dced5cd6c56b26765e1c0d9e4fdcc9f2a00"

rollup@^0.65.0:
  version "0.65.0"
  resolved "https://registry.yarnpkg.com/rollup/-/rollup-0.65.0.tgz#280db1252169b68fc3043028346b337dde453fba"
  dependencies:
    "@types/estree" "0.0.39"
    "@types/node" "*"
